
Microsoft Visual Studio Solution File, Format Version 12.00
# Visual Studio 2013
VisualStudioVersion = 12.0.40629.0
MinimumVisualStudioVersion = 10.0.40219.1
Project("{FAE04EC0-301F-11D3-BF4B-00C04F79EFBC}") = "VendingMachineEngine", "VendingMachineEngine\VendingMachineEngine.csproj", "{1F873ED4-944D-4E81-A295-199AEDE01A8D}"
EndProject
Project("{FAE04EC0-301F-11D3-BF4B-00C04F79EFBC}") = "VendingMachineEngine.Tests", "VendingMachineEngine.Tests\VendingMachineEngine.Tests.csproj", "{FC17D42B-D4AD-4D5F-A55D-804C75946615}"
EndProject
Global
	GlobalSection(SolutionConfigurationPlatforms) = preSolution
		Debug|Any CPU = Debug|Any CPU
		Release|Any CPU = Release|Any CPU
	EndGlobalSection
	GlobalSection(ProjectConfigurationPlatforms) = postSolution
		{1F873ED4-944D-4E81-A295-199AEDE01A8D}.Debug|Any CPU.ActiveCfg = Debug|Any CPU
		{1F873ED4-944D-4E81-A295-199AEDE01A8D}.Debug|Any CPU.Build.0 = Debug|Any CPU
		{1F873ED4-944D-4E81-A295-199AEDE01A8D}.Release|Any CPU.ActiveCfg = Release|Any CPU
		{1F873ED4-944D-4E81-A295-199AEDE01A8D}.Release|Any CPU.Build.0 = Release|Any CPU
		{FC17D42B-D4AD-4D5F-A55D-804C75946615}.Debug|Any CPU.ActiveCfg = Debug|Any CPU
		{FC17D42B-D4AD-4D5F-A55D-804C75946615}.Debug|Any CPU.Build.0 = Debug|Any CPU
		{FC17D42B-D4AD-4D5F-A55D-804C75946615}.Release|Any CPU.ActiveCfg = Release|Any CPU
		{FC17D42B-D4AD-4D5F-A55D-804C75946615}.Release|Any CPU.Build.0 = Release|Any CPU
	EndGlobalSection
	GlobalSection(SolutionProperties) = preSolution
		HideSolutionNode = FALSE
	EndGlobalSection
EndGlobal
